
Microsoft Visual Studio Solution File, Format Version 12.00
# Visual Studio Version 16
VisualStudioVersion = 16.0.29215.179
MinimumVisualStudioVersion = 10.0.40219.1
Project("{9A19103F-16F7-4668-BE54-9A1E7A4F7556}") = "FormulaEvaluator", "FormulaEvaluator\FormulaEvaluator.csproj", "{373A3DEC-04AD-4F61-BD11-43B6B426E412}"
EndProject
Project("{FAE04EC0-301F-11D3-BF4B-00C04F79EFBC}") = "FormulaEvaluatorTester", "FormulaEvaluatorTester\FormulaEvaluatorTester.csproj", "{E9DDE269-0FB9-4CA3-B912-94AA0D711875}"
EndProject
Project("{FAE04EC0-301F-11D3-BF4B-00C04F79EFBC}") = "PS1 Grading Tests", "PS1 Grading Tests\PS1 Grading Tests.csproj", "{FFC8B7B8-6E1B-44D5-9256-6A8C80B9A2A7}"
EndProject
Global
	GlobalSection(SolutionConfigurationPlatforms) = preSolution
		Debug|Any CPU = Debug|Any CPU
		Release|Any CPU = Release|Any CPU
	EndGlobalSection
	GlobalSection(ProjectConfigurationPlatforms) = postSolution
		{373A3DEC-04AD-4F61-BD11-43B6B426E412}.Debug|Any CPU.ActiveCfg = Debug|Any CPU
		{373A3DEC-04AD-4F61-BD11-43B6B426E412}.Debug|Any CPU.Build.0 = Debug|Any CPU
		{373A3DEC-04AD-4F61-BD11-43B6B426E412}.Release|Any CPU.ActiveCfg = Release|Any CPU
		{373A3DEC-04AD-4F61-BD11-43B6B426E412}.Release|Any CPU.Build.0 = Release|Any CPU
		{E9DDE269-0FB9-4CA3-B912-94AA0D711875}.Debug|Any CPU.ActiveCfg = Debug|Any CPU
		{E9DDE269-0FB9-4CA3-B912-94AA0D711875}.Debug|Any CPU.Build.0 = Debug|Any CPU
		{E9DDE269-0FB9-4CA3-B912-94AA0D711875}.Release|Any CPU.ActiveCfg = Release|Any CPU
		{E9DDE269-0FB9-4CA3-B912-94AA0D711875}.Release|Any CPU.Build.0 = Release|Any CPU
		{FFC8B7B8-6E1B-44D5-9256-6A8C80B9A2A7}.Debug|Any CPU.ActiveCfg = Debug|Any CPU
		{FFC8B7B8-6E1B-44D5-9256-6A8C80B9A2A7}.Debug|Any CPU.Build.0 = Debug|Any CPU
		{FFC8B7B8-6E1B-44D5-9256-6A8C80B9A2A7}.Release|Any CPU.ActiveCfg = Release|Any CPU
		{FFC8B7B8-6E1B-44D5-9256-6A8C80B9A2A7}.Release|Any CPU.Build.0 = Release|Any CPU
	EndGlobalSection
	GlobalSection(SolutionProperties) = preSolution
		HideSolutionNode = FALSE
	EndGlobalSection
	GlobalSection(ExtensibilityGlobals) = postSolution
		SolutionGuid = {DA278EB2-7590-4B4D-9219-8CF399890F70}
	EndGlobalSection
EndGlobal
